
Microsoft Visual Studio Solution File, Format Version 12.00
# Visual Studio Version 16
VisualStudioVersion = 16.0.29911.84
MinimumVisualStudioVersion = 10.0.40219.1
Project("{9A19103F-16F7-4668-BE54-9A1E7A4F7556}") = "RegexBuilder", "src\RegexBuilder\RegexBuilder.csproj", "{83D0DABA-CC95-4CA6-AC43-0C19C683749B}"
EndProject
Project("{9A19103F-16F7-4668-BE54-9A1E7A4F7556}") = "RegexBuilder.Tests", "src\RegexBuilder.Tests\RegexBuilder.Tests.csproj", "{939E2CC2-3DE7-4335-A7F1-67BCEAD0343B}"
EndProject
Global
	GlobalSection(SolutionConfigurationPlatforms) = preSolution
		Debug|Any CPU = Debug|Any CPU
		Release|Any CPU = Release|Any CPU
	EndGlobalSection
	GlobalSection(ProjectConfigurationPlatforms) = postSolution
		{83D0DABA-CC95-4CA6-AC43-0C19C683749B}.Debug|Any CPU.ActiveCfg = Debug|Any CPU
		{83D0DABA-CC95-4CA6-AC43-0C19C683749B}.Debug|Any CPU.Build.0 = Debug|Any CPU
		{83D0DABA-CC95-4CA6-AC43-0C19C683749B}.Release|Any CPU.ActiveCfg = Release|Any CPU
		{83D0DABA-CC95-4CA6-AC43-0C19C683749B}.Release|Any CPU.Build.0 = Release|Any CPU
		{939E2CC2-3DE7-4335-A7F1-67BCEAD0343B}.Debug|Any CPU.ActiveCfg = Debug|Any CPU
		{939E2CC2-3DE7-4335-A7F1-67BCEAD0343B}.Debug|Any CPU.Build.0 = Debug|Any CPU
		{939E2CC2-3DE7-4335-A7F1-67BCEAD0343B}.Release|Any CPU.ActiveCfg = Release|Any CPU
		{939E2CC2-3DE7-4335-A7F1-67BCEAD0343B}.Release|Any CPU.Build.0 = Release|Any CPU
	EndGlobalSection
	GlobalSection(SolutionProperties) = preSolution
		HideSolutionNode = FALSE
	EndGlobalSection
	GlobalSection(ExtensibilityGlobals) = postSolution
		SolutionGuid = {5BCA8B98-F36C-4FF7-A493-482A3A3E90E4}
	EndGlobalSection
EndGlobal
